
Microsoft Visual Studio Solution File, Format Version 12.00
# Visual Studio Version 17
VisualStudioVersion = 17.3.32929.385
MinimumVisualStudioVersion = 10.0.40219.1
Project("{9A19103F-16F7-4668-BE54-9A1E7A4F7556}") = "Annoy-o-Bot", "Annoy-o-Bot\Annoy-o-Bot.csproj", "{05E58BAC-B65D-4AA9-87AE-FB5F8336F13D}"
EndProject
Project("{9A19103F-16F7-4668-BE54-9A1E7A4F7556}") = "Annoy-o-Bot.Tests", "Annoy-o-Bot.Tests\Annoy-o-Bot.Tests.csproj", "{1D681E09-2CAD-4F02-A77D-26794DEB32DC}"
EndProject
Project("{2150E333-8FDC-42A3-9474-1A3956D46DE8}") = "Solution Items", "Solution Items", "{57E68C3D-4FF8-4E2D-B8A3-4D9DEECC67AF}"
	ProjectSection(SolutionItems) = preProject
		README.md = README.md
	EndProjectSection
EndProject
Project("{9A19103F-16F7-4668-BE54-9A1E7A4F7556}") = "Annoy-o-Bot.AcceptanceTests", "Annoy-o-Bot.AcceptanceTests\Annoy-o-Bot.AcceptanceTests.csproj", "{F15BA5E7-B65E-4AA7-9C2D-A9272083A8B0}"
EndProject
Project("{FAE04EC0-301F-11D3-BF4B-00C04F79EFBC}") = "Annoy-o-Bot.CosmosDB.Tests", "Annoy-o-Bot.CosmosDB.Tests\Annoy-o-Bot.CosmosDB.Tests.csproj", "{D48143F8-E140-426F-8147-A2C8CE45FBDD}"
EndProject
Global
	GlobalSection(SolutionConfigurationPlatforms) = preSolution
		Debug|Any CPU = Debug|Any CPU
		Release|Any CPU = Release|Any CPU
	EndGlobalSection
	GlobalSection(ProjectConfigurationPlatforms) = postSolution
		{05E58BAC-B65D-4AA9-87AE-FB5F8336F13D}.Debug|Any CPU.ActiveCfg = Debug|Any CPU
		{05E58BAC-B65D-4AA9-87AE-FB5F8336F13D}.Debug|Any CPU.Build.0 = Debug|Any CPU
		{05E58BAC-B65D-4AA9-87AE-FB5F8336F13D}.Release|Any CPU.ActiveCfg = Release|Any CPU
		{05E58BAC-B65D-4AA9-87AE-FB5F8336F13D}.Release|Any CPU.Build.0 = Release|Any CPU
		{1D681E09-2CAD-4F02-A77D-26794DEB32DC}.Debug|Any CPU.ActiveCfg = Debug|Any CPU
		{1D681E09-2CAD-4F02-A77D-26794DEB32DC}.Debug|Any CPU.Build.0 = Debug|Any CPU
		{1D681E09-2CAD-4F02-A77D-26794DEB32DC}.Release|Any CPU.ActiveCfg = Release|Any CPU
		{1D681E09-2CAD-4F02-A77D-26794DEB32DC}.Release|Any CPU.Build.0 = Release|Any CPU
		{F15BA5E7-B65E-4AA7-9C2D-A9272083A8B0}.Debug|Any CPU.ActiveCfg = Debug|Any CPU
		{F15BA5E7-B65E-4AA7-9C2D-A9272083A8B0}.Debug|Any CPU.Build.0 = Debug|Any CPU
		{F15BA5E7-B65E-4AA7-9C2D-A9272083A8B0}.Release|Any CPU.ActiveCfg = Release|Any CPU
		{F15BA5E7-B65E-4AA7-9C2D-A9272083A8B0}.Release|Any CPU.Build.0 = Release|Any CPU
		{D48143F8-E140-426F-8147-A2C8CE45FBDD}.Debug|Any CPU.ActiveCfg = Debug|Any CPU
		{D48143F8-E140-426F-8147-A2C8CE45FBDD}.Debug|Any CPU.Build.0 = Debug|Any CPU
		{D48143F8-E140-426F-8147-A2C8CE45FBDD}.Release|Any CPU.ActiveCfg = Release|Any CPU
		{D48143F8-E140-426F-8147-A2C8CE45FBDD}.Release|Any CPU.Build.0 = Release|Any CPU
	EndGlobalSection
	GlobalSection(SolutionProperties) = preSolution
		HideSolutionNode = FALSE
	EndGlobalSection
	GlobalSection(ExtensibilityGlobals) = postSolution
		SolutionGuid = {A6A5E953-513E-4B91-A61B-8E4F6FD3C4E5}
	EndGlobalSection
EndGlobal
